
Microsoft Visual Studio Solution File, Format Version 12.00
# Visual Studio Version 18
VisualStudioVersion = 18.1.11312.151
MinimumVisualStudioVersion = 10.0.40219.1
Project("{2150E333-8FDC-42A3-9474-1A3956D46DE8}") = ".docker", ".docker", "{06253892-53F5-4EB1-8CBE-8558DBDD9B70}"
EndProject
Project("{2150E333-8FDC-42A3-9474-1A3956D46DE8}") = ".tests", ".tests", "{7E0D2A84-F3DE-4406-BE71-30EE6723E6D0}"
EndProject
Project("{2150E333-8FDC-42A3-9474-1A3956D46DE8}") = ".kubernetes", ".kubernetes", "{0C4D782F-72EF-42B4-BC1B-AF4044CC863A}"
	ProjectSection(SolutionItems) = preProject
		.kubernetes\auth-sql-secret.yaml = .kubernetes\auth-sql-secret.yaml
		.kubernetes\autoscaler.yaml = .kubernetes\autoscaler.yaml
		.kubernetes\configmap.yaml = .kubernetes\configmap.yaml
		.kubernetes\deployment.yaml = .kubernetes\deployment.yaml
		.kubernetes\service.yaml = .kubernetes\service.yaml
		.kubernetes\service-monitor.yaml = .kubernetes\service-monitor.yaml
	EndProjectSection
EndProject
Project("{E53339B2-1760-4266-BCC7-CA923CBCF16C}") = "docker-compose", ".docker\docker-compose.dcproj", "{557A0C48-DA6A-4D7C-8668-94F08A390F4B}"
EndProject
Project("{2150E333-8FDC-42A3-9474-1A3956D46DE8}") = ".github", ".github", "{426FE279-89DF-4C2A-ABBB-729FDA4D893A}"
EndProject
Project("{2150E333-8FDC-42A3-9474-1A3956D46DE8}") = "workflows", "workflows", "{F547FB13-43D4-4AAB-8629-B41FFF4A251F}"
	ProjectSection(SolutionItems) = preProject
		.github\workflows\build-and-deploy.yml = .github\workflows\build-and-deploy.yml
	EndProjectSection
EndProject
Project("{FAE04EC0-301F-11D3-BF4B-00C04F79EFBC}") = "Svc.Locations.Models", "Svc.Locations.Models\Svc.Locations.Models.csproj", "{55CA3ADE-88B1-B763-9FAB-EE5D4F418EB8}"
EndProject
Project("{FAE04EC0-301F-11D3-BF4B-00C04F79EFBC}") = "Svc.Locations", "Svc.Locations\Svc.Locations.csproj", "{77596F3E-C6F4-A01F-B4D9-9370C3ED3CBC}"
EndProject
Project("{FAE04EC0-301F-11D3-BF4B-00C04F79EFBC}") = "Tests.Svc.Locations", ".tests\Tests.Svc.Locations\Tests.Svc.Locations.csproj", "{B008D867-12B4-7EB7-D707-1C1503E4151A}"
EndProject
Project("{2150E333-8FDC-42A3-9474-1A3956D46DE8}") = ".solution", ".solution", "{8C4DCA56-FEBE-42D7-BA14-14D008C57F9D}"
	ProjectSection(SolutionItems) = preProject
		.dockerignore = .dockerignore
		.gitignore = .gitignore
		Dockerfile = Dockerfile
		icon.png = icon.png
		LICENSE = LICENSE
		README.md = README.md
	EndProjectSection
EndProject
Project("{FAE04EC0-301F-11D3-BF4B-00C04F79EFBC}") = "Svc.Locations.Events", "Svc.Locations.Events\Svc.Locations.Events.csproj", "{C5D05CDD-CF27-3432-8B9C-92AA13C1890B}"
EndProject
Global
	GlobalSection(SolutionConfigurationPlatforms) = preSolution
		Debug|Any CPU = Debug|Any CPU
		Release|Any CPU = Release|Any CPU
	EndGlobalSection
	GlobalSection(ProjectConfigurationPlatforms) = postSolution
		{557A0C48-DA6A-4D7C-8668-94F08A390F4B}.Debug|Any CPU.ActiveCfg = Debug|Any CPU
		{557A0C48-DA6A-4D7C-8668-94F08A390F4B}.Debug|Any CPU.Build.0 = Debug|Any CPU
		{557A0C48-DA6A-4D7C-8668-94F08A390F4B}.Release|Any CPU.ActiveCfg = Release|Any CPU
		{55CA3ADE-88B1-B763-9FAB-EE5D4F418EB8}.Debug|Any CPU.ActiveCfg = Debug|Any CPU
		{55CA3ADE-88B1-B763-9FAB-EE5D4F418EB8}.Debug|Any CPU.Build.0 = Debug|Any CPU
		{55CA3ADE-88B1-B763-9FAB-EE5D4F418EB8}.Release|Any CPU.ActiveCfg = Release|Any CPU
		{55CA3ADE-88B1-B763-9FAB-EE5D4F418EB8}.Release|Any CPU.Build.0 = Release|Any CPU
		{77596F3E-C6F4-A01F-B4D9-9370C3ED3CBC}.Debug|Any CPU.ActiveCfg = Debug|Any CPU
		{77596F3E-C6F4-A01F-B4D9-9370C3ED3CBC}.Debug|Any CPU.Build.0 = Debug|Any CPU
		{77596F3E-C6F4-A01F-B4D9-9370C3ED3CBC}.Release|Any CPU.ActiveCfg = Release|Any CPU
		{77596F3E-C6F4-A01F-B4D9-9370C3ED3CBC}.Release|Any CPU.Build.0 = Release|Any CPU
		{B008D867-12B4-7EB7-D707-1C1503E4151A}.Debug|Any CPU.ActiveCfg = Debug|Any CPU
		{B008D867-12B4-7EB7-D707-1C1503E4151A}.Debug|Any CPU.Build.0 = Debug|Any CPU
		{B008D867-12B4-7EB7-D707-1C1503E4151A}.Release|Any CPU.ActiveCfg = Release|Any CPU
		{B008D867-12B4-7EB7-D707-1C1503E4151A}.Release|Any CPU.Build.0 = Release|Any CPU
		{C5D05CDD-CF27-3432-8B9C-92AA13C1890B}.Debug|Any CPU.ActiveCfg = Debug|Any CPU
		{C5D05CDD-CF27-3432-8B9C-92AA13C1890B}.Debug|Any CPU.Build.0 = Debug|Any CPU
		{C5D05CDD-CF27-3432-8B9C-92AA13C1890B}.Release|Any CPU.ActiveCfg = Release|Any CPU
		{C5D05CDD-CF27-3432-8B9C-92AA13C1890B}.Release|Any CPU.Build.0 = Release|Any CPU
	EndGlobalSection
	GlobalSection(SolutionProperties) = preSolution
		HideSolutionNode = FALSE
	EndGlobalSection
	GlobalSection(NestedProjects) = preSolution
		{557A0C48-DA6A-4D7C-8668-94F08A390F4B} = {06253892-53F5-4EB1-8CBE-8558DBDD9B70}
		{F547FB13-43D4-4AAB-8629-B41FFF4A251F} = {426FE279-89DF-4C2A-ABBB-729FDA4D893A}
		{B008D867-12B4-7EB7-D707-1C1503E4151A} = {7E0D2A84-F3DE-4406-BE71-30EE6723E6D0}
	EndGlobalSection
	GlobalSection(ExtensibilityGlobals) = postSolution
		SolutionGuid = {72ED70A7-E1BB-4D06-B6FD-E092DA575FBE}
	EndGlobalSection
EndGlobal
