
Microsoft Visual Studio Solution File, Format Version 12.00
# Visual Studio Version 18
VisualStudioVersion = 18.1.11312.151
MinimumVisualStudioVersion = 10.0.40219.1
Project("{9A19103F-16F7-4668-BE54-9A1E7A4F7556}") = "Nano.Template.Service", "Nano.Template.Service\Nano.Template.Service.csproj", "{C563A416-5EDD-4228-B8C7-B5AFEC141466}"
EndProject
Project("{9A19103F-16F7-4668-BE54-9A1E7A4F7556}") = "Nano.Template.Service.Models", "Nano.Template.Service.Models\Nano.Template.Service.Models.csproj", "{74AC7031-29E0-4EEB-91D4-AE1965A39171}"
EndProject
Project("{2150E333-8FDC-42A3-9474-1A3956D46DE8}") = ".solution", ".solution", "{F9091FFF-8BDF-4447-A4CC-19ACF2F783A3}"
	ProjectSection(SolutionItems) = preProject
		.gitignore = .gitignore
		localhost.pfx = localhost.pfx
		mysql.user.sql = mysql.user.sql
		README.md = README.md
	EndProjectSection
EndProject
Project("{2150E333-8FDC-42A3-9474-1A3956D46DE8}") = ".docker", ".docker", "{06253892-53F5-4EB1-8CBE-8558DBDD9B70}"
	ProjectSection(SolutionItems) = preProject
		.dockerignore = .dockerignore
		Dockerfile = Dockerfile
	EndProjectSection
EndProject
Project("{2150E333-8FDC-42A3-9474-1A3956D46DE8}") = ".tests", ".tests", "{7E0D2A84-F3DE-4406-BE71-30EE6723E6D0}"
EndProject
Project("{2150E333-8FDC-42A3-9474-1A3956D46DE8}") = ".kubernetes", ".kubernetes", "{0C4D782F-72EF-42B4-BC1B-AF4044CC863A}"
	ProjectSection(SolutionItems) = preProject
		.kubernetes\autoscaler.yaml = .kubernetes\autoscaler.yaml
		.kubernetes\configmap.yaml = .kubernetes\configmap.yaml
		.kubernetes\deployment.yaml = .kubernetes\deployment.yaml
		.kubernetes\service.yaml = .kubernetes\service.yaml
	EndProjectSection
EndProject
Project("{9A19103F-16F7-4668-BE54-9A1E7A4F7556}") = "Tests.Nano.Template.Service", ".tests\Tests.Nano.Template.Service\Tests.Nano.Template.Service.csproj", "{EA602798-C127-44E3-8CBA-27E9BA269EB7}"
EndProject
Project("{E53339B2-1760-4266-BCC7-CA923CBCF16C}") = "docker-compose", ".docker\docker-compose.dcproj", "{557A0C48-DA6A-4D7C-8668-94F08A390F4B}"
EndProject
Project("{2150E333-8FDC-42A3-9474-1A3956D46DE8}") = ".nano", ".nano", "{3339F5B7-AA56-4192-B201-75B2620036B1}"
EndProject
Project("{9A19103F-16F7-4668-BE54-9A1E7A4F7556}") = "Nano.App", "..\..\Nano.Library\Nano.App\Nano.App.csproj", "{50CBB29E-F271-4BD3-B176-6F68BB3294EE}"
EndProject
Project("{2150E333-8FDC-42A3-9474-1A3956D46DE8}") = ".github", ".github", "{426FE279-89DF-4C2A-ABBB-729FDA4D893A}"
EndProject
Project("{2150E333-8FDC-42A3-9474-1A3956D46DE8}") = "config", "config", "{5C605BF3-D5A3-4334-8AFA-4D45A6DC365E}"
	ProjectSection(SolutionItems) = preProject
		.github\config\slack.yml = .github\config\slack.yml
	EndProjectSection
EndProject
Project("{2150E333-8FDC-42A3-9474-1A3956D46DE8}") = "workflows", "workflows", "{F547FB13-43D4-4AAB-8629-B41FFF4A251F}"
	ProjectSection(SolutionItems) = preProject
		.github\workflows\build-and-deploy.yml = .github\workflows\build-and-deploy.yml
	EndProjectSection
EndProject
Project("{9A19103F-16F7-4668-BE54-9A1E7A4F7556}") = "Nano.Template.Service.Events", "Nano.Template.Service.Events\Nano.Template.Service.Events.csproj", "{C32E75EA-1A87-421C-B955-88A8D2BAA6BC}"
EndProject
Project("{2150E333-8FDC-42A3-9474-1A3956D46DE8}") = ".postman", ".postman", "{569F3ADF-1D54-4157-95CD-7BC822ED63E0}"
	ProjectSection(SolutionItems) = preProject
		.postman\Nano.Template.Service.postman_collection.json = .postman\Nano.Template.Service.postman_collection.json
	EndProjectSection
EndProject
Project("{FAE04EC0-301F-11D3-BF4B-00C04F79EFBC}") = "Nano.App.Web", "..\..\Nano.Library\Nano.App.Web\Nano.App.Web.csproj", "{AA77035F-A3A8-7972-CC88-17A2E41EBA87}"
EndProject
Project("{FAE04EC0-301F-11D3-BF4B-00C04F79EFBC}") = "Nano.Common", "..\..\Nano.Library\Nano.Common\Nano.Common.csproj", "{F1E2F880-3214-E0ED-03BF-4F78931C9C6E}"
EndProject
Project("{FAE04EC0-301F-11D3-BF4B-00C04F79EFBC}") = "Nano.Data", "..\..\Nano.Library\Nano.Data\Nano.Data.csproj", "{A1CC2D8C-C323-51C2-2480-BFFD9DAD9F1F}"
EndProject
Project("{FAE04EC0-301F-11D3-BF4B-00C04F79EFBC}") = "Nano.Data.Abstractions", "..\..\Nano.Library\Nano.Data.Abstractions\Nano.Data.Abstractions.csproj", "{023BB767-08ED-44DE-A6BF-9A2EDE8345B7}"
EndProject
Project("{FAE04EC0-301F-11D3-BF4B-00C04F79EFBC}") = "Nano.Data.InMemory", "..\..\Nano.Library\Nano.Data.InMemory\Nano.Data.InMemory.csproj", "{C39E1045-E7D8-4F2D-B1CE-C7BAA59D6EF6}"
EndProject
Project("{FAE04EC0-301F-11D3-BF4B-00C04F79EFBC}") = "Nano.Data.MySql", "..\..\Nano.Library\Nano.Data.MySql\Nano.Data.MySql.csproj", "{E7DC90EE-C82A-5CC7-8F33-9EC2FEC36291}"
EndProject
Project("{FAE04EC0-301F-11D3-BF4B-00C04F79EFBC}") = "Nano.Data.SqLite", "..\..\Nano.Library\Nano.Data.SqLite\Nano.Data.SqLite.csproj", "{0D1F1D5D-B1DF-443F-2630-11DC6DEEDF00}"
EndProject
Project("{FAE04EC0-301F-11D3-BF4B-00C04F79EFBC}") = "Nano.Data.SqlServer", "..\..\Nano.Library\Nano.Data.SqlServer\Nano.Data.SqlServer.csproj", "{FE8B04D5-8AED-F023-588B-65947B83FDF5}"
EndProject
Project("{FAE04EC0-301F-11D3-BF4B-00C04F79EFBC}") = "Nano.Eventing", "..\..\Nano.Library\Nano.Eventing\Nano.Eventing.csproj", "{A8E623BC-70EA-3CC8-AFAD-797F006C4A41}"
EndProject
Project("{FAE04EC0-301F-11D3-BF4B-00C04F79EFBC}") = "Nano.Eventing.Abstractions", "..\..\Nano.Library\Nano.Eventing.Abstractions\Nano.Eventing.Abstractions.csproj", "{7F25283D-B5C5-8CA9-8722-E84B380905C6}"
EndProject
Project("{FAE04EC0-301F-11D3-BF4B-00C04F79EFBC}") = "Nano.Eventing.RabbitMq", "..\..\Nano.Library\Nano.Eventing.RabbitMq\Nano.Eventing.RabbitMq.csproj", "{0789C863-B371-F968-B9C9-5F3CF3DD9897}"
EndProject
Project("{FAE04EC0-301F-11D3-BF4B-00C04F79EFBC}") = "Nano.Logging", "..\..\Nano.Library\Nano.Logging\Nano.Logging.csproj", "{68215D72-880F-683C-BFEE-ED19A425A5F2}"
EndProject
Project("{FAE04EC0-301F-11D3-BF4B-00C04F79EFBC}") = "Nano.Logging.Abstractions", "..\..\Nano.Library\Nano.Logging.Abstractions\Nano.Logging.Abstractions.csproj", "{6BE9DA86-B487-64ED-7BF6-08CA10A05A97}"
EndProject
Project("{FAE04EC0-301F-11D3-BF4B-00C04F79EFBC}") = "Nano.Logging.Log4Net", "..\..\Nano.Library\Nano.Logging.Log4Net\Nano.Logging.Log4Net.csproj", "{EF1890AC-F965-E660-35B6-4E181BEB3ED8}"
EndProject
Project("{FAE04EC0-301F-11D3-BF4B-00C04F79EFBC}") = "Nano.Logging.Serilog", "..\..\Nano.Library\Nano.Logging.Serilog\Nano.Logging.Serilog.csproj", "{FB775619-7CDE-E029-14F8-7C22944D6DC9}"
EndProject
Project("{FAE04EC0-301F-11D3-BF4B-00C04F79EFBC}") = "Nano.Storage", "..\..\Nano.Library\Nano.Storage\Nano.Storage.csproj", "{24FF96ED-01BD-FEEC-4ABF-B8C5F58438D5}"
EndProject
Project("{FAE04EC0-301F-11D3-BF4B-00C04F79EFBC}") = "Nano.Storage.Abstractions", "..\..\Nano.Library\Nano.Storage.Abstractions\Nano.Storage.Abstractions.csproj", "{F0FA24A3-0F7B-3962-C471-78992174D4B6}"
EndProject
Project("{FAE04EC0-301F-11D3-BF4B-00C04F79EFBC}") = "Nano.Storage.Azure", "..\..\Nano.Library\Nano.Storage.Azure\Nano.Storage.Azure.csproj", "{5DD1307B-16FA-5171-54CA-4F37F2638022}"
EndProject
Project("{FAE04EC0-301F-11D3-BF4B-00C04F79EFBC}") = "Nano.App.Console", "..\..\Nano.Library\Nano.App.Console\Nano.App.Console.csproj", "{0095379A-0921-C55A-AFC3-64C0445A3E2B}"
EndProject
Project("{FAE04EC0-301F-11D3-BF4B-00C04F79EFBC}") = "Nano.Logging.Microsoft", "..\..\Nano.Library\Nano.Logging.Microsoft\Nano.Logging.Microsoft.csproj", "{FBFE42A1-83A4-7281-4D54-7F520A06C20F}"
EndProject
Project("{FAE04EC0-301F-11D3-BF4B-00C04F79EFBC}") = "Nano.Logging.NLog", "..\..\Nano.Library\Nano.Logging.NLog\Nano.Logging.NLog.csproj", "{568FB1B8-8F23-571C-09B9-5FDB67A4E668}"
EndProject
Global
	GlobalSection(SolutionConfigurationPlatforms) = preSolution
		Debug|Any CPU = Debug|Any CPU
		Release|Any CPU = Release|Any CPU
	EndGlobalSection
	GlobalSection(ProjectConfigurationPlatforms) = postSolution
		{C563A416-5EDD-4228-B8C7-B5AFEC141466}.Debug|Any CPU.ActiveCfg = Debug|Any CPU
		{C563A416-5EDD-4228-B8C7-B5AFEC141466}.Debug|Any CPU.Build.0 = Debug|Any CPU
		{C563A416-5EDD-4228-B8C7-B5AFEC141466}.Release|Any CPU.ActiveCfg = Release|Any CPU
		{C563A416-5EDD-4228-B8C7-B5AFEC141466}.Release|Any CPU.Build.0 = Release|Any CPU
		{74AC7031-29E0-4EEB-91D4-AE1965A39171}.Debug|Any CPU.ActiveCfg = Debug|Any CPU
		{74AC7031-29E0-4EEB-91D4-AE1965A39171}.Debug|Any CPU.Build.0 = Debug|Any CPU
		{74AC7031-29E0-4EEB-91D4-AE1965A39171}.Release|Any CPU.ActiveCfg = Release|Any CPU
		{74AC7031-29E0-4EEB-91D4-AE1965A39171}.Release|Any CPU.Build.0 = Release|Any CPU
		{EA602798-C127-44E3-8CBA-27E9BA269EB7}.Debug|Any CPU.ActiveCfg = Debug|Any CPU
		{EA602798-C127-44E3-8CBA-27E9BA269EB7}.Debug|Any CPU.Build.0 = Debug|Any CPU
		{EA602798-C127-44E3-8CBA-27E9BA269EB7}.Release|Any CPU.ActiveCfg = Release|Any CPU
		{EA602798-C127-44E3-8CBA-27E9BA269EB7}.Release|Any CPU.Build.0 = Release|Any CPU
		{557A0C48-DA6A-4D7C-8668-94F08A390F4B}.Debug|Any CPU.ActiveCfg = Debug|Any CPU
		{557A0C48-DA6A-4D7C-8668-94F08A390F4B}.Debug|Any CPU.Build.0 = Debug|Any CPU
		{557A0C48-DA6A-4D7C-8668-94F08A390F4B}.Release|Any CPU.ActiveCfg = Release|Any CPU
		{50CBB29E-F271-4BD3-B176-6F68BB3294EE}.Debug|Any CPU.ActiveCfg = Debug|Any CPU
		{50CBB29E-F271-4BD3-B176-6F68BB3294EE}.Debug|Any CPU.Build.0 = Debug|Any CPU
		{50CBB29E-F271-4BD3-B176-6F68BB3294EE}.Release|Any CPU.ActiveCfg = Release|Any CPU
		{50CBB29E-F271-4BD3-B176-6F68BB3294EE}.Release|Any CPU.Build.0 = Release|Any CPU
		{C32E75EA-1A87-421C-B955-88A8D2BAA6BC}.Debug|Any CPU.ActiveCfg = Debug|Any CPU
		{C32E75EA-1A87-421C-B955-88A8D2BAA6BC}.Debug|Any CPU.Build.0 = Debug|Any CPU
		{C32E75EA-1A87-421C-B955-88A8D2BAA6BC}.Release|Any CPU.ActiveCfg = Release|Any CPU
		{C32E75EA-1A87-421C-B955-88A8D2BAA6BC}.Release|Any CPU.Build.0 = Release|Any CPU
		{AA77035F-A3A8-7972-CC88-17A2E41EBA87}.Debug|Any CPU.ActiveCfg = Debug|Any CPU
		{AA77035F-A3A8-7972-CC88-17A2E41EBA87}.Debug|Any CPU.Build.0 = Debug|Any CPU
		{AA77035F-A3A8-7972-CC88-17A2E41EBA87}.Release|Any CPU.ActiveCfg = Release|Any CPU
		{AA77035F-A3A8-7972-CC88-17A2E41EBA87}.Release|Any CPU.Build.0 = Release|Any CPU
		{F1E2F880-3214-E0ED-03BF-4F78931C9C6E}.Debug|Any CPU.ActiveCfg = Debug|Any CPU
		{F1E2F880-3214-E0ED-03BF-4F78931C9C6E}.Debug|Any CPU.Build.0 = Debug|Any CPU
		{F1E2F880-3214-E0ED-03BF-4F78931C9C6E}.Release|Any CPU.ActiveCfg = Release|Any CPU
		{F1E2F880-3214-E0ED-03BF-4F78931C9C6E}.Release|Any CPU.Build.0 = Release|Any CPU
		{A1CC2D8C-C323-51C2-2480-BFFD9DAD9F1F}.Debug|Any CPU.ActiveCfg = Debug|Any CPU
		{A1CC2D8C-C323-51C2-2480-BFFD9DAD9F1F}.Debug|Any CPU.Build.0 = Debug|Any CPU
		{A1CC2D8C-C323-51C2-2480-BFFD9DAD9F1F}.Release|Any CPU.ActiveCfg = Release|Any CPU
		{A1CC2D8C-C323-51C2-2480-BFFD9DAD9F1F}.Release|Any CPU.Build.0 = Release|Any CPU
		{023BB767-08ED-44DE-A6BF-9A2EDE8345B7}.Debug|Any CPU.ActiveCfg = Debug|Any CPU
		{023BB767-08ED-44DE-A6BF-9A2EDE8345B7}.Debug|Any CPU.Build.0 = Debug|Any CPU
		{023BB767-08ED-44DE-A6BF-9A2EDE8345B7}.Release|Any CPU.ActiveCfg = Release|Any CPU
		{023BB767-08ED-44DE-A6BF-9A2EDE8345B7}.Release|Any CPU.Build.0 = Release|Any CPU
		{C39E1045-E7D8-4F2D-B1CE-C7BAA59D6EF6}.Debug|Any CPU.ActiveCfg = Debug|Any CPU
		{C39E1045-E7D8-4F2D-B1CE-C7BAA59D6EF6}.Debug|Any CPU.Build.0 = Debug|Any CPU
		{C39E1045-E7D8-4F2D-B1CE-C7BAA59D6EF6}.Release|Any CPU.ActiveCfg = Release|Any CPU
		{C39E1045-E7D8-4F2D-B1CE-C7BAA59D6EF6}.Release|Any CPU.Build.0 = Release|Any CPU
		{E7DC90EE-C82A-5CC7-8F33-9EC2FEC36291}.Debug|Any CPU.ActiveCfg = Debug|Any CPU
		{E7DC90EE-C82A-5CC7-8F33-9EC2FEC36291}.Debug|Any CPU.Build.0 = Debug|Any CPU
		{E7DC90EE-C82A-5CC7-8F33-9EC2FEC36291}.Release|Any CPU.ActiveCfg = Release|Any CPU
		{E7DC90EE-C82A-5CC7-8F33-9EC2FEC36291}.Release|Any CPU.Build.0 = Release|Any CPU
		{0D1F1D5D-B1DF-443F-2630-11DC6DEEDF00}.Debug|Any CPU.ActiveCfg = Debug|Any CPU
		{0D1F1D5D-B1DF-443F-2630-11DC6DEEDF00}.Debug|Any CPU.Build.0 = Debug|Any CPU
		{0D1F1D5D-B1DF-443F-2630-11DC6DEEDF00}.Release|Any CPU.ActiveCfg = Release|Any CPU
		{0D1F1D5D-B1DF-443F-2630-11DC6DEEDF00}.Release|Any CPU.Build.0 = Release|Any CPU
		{FE8B04D5-8AED-F023-588B-65947B83FDF5}.Debug|Any CPU.ActiveCfg = Debug|Any CPU
		{FE8B04D5-8AED-F023-588B-65947B83FDF5}.Debug|Any CPU.Build.0 = Debug|Any CPU
		{FE8B04D5-8AED-F023-588B-65947B83FDF5}.Release|Any CPU.ActiveCfg = Release|Any CPU
		{FE8B04D5-8AED-F023-588B-65947B83FDF5}.Release|Any CPU.Build.0 = Release|Any CPU
		{A8E623BC-70EA-3CC8-AFAD-797F006C4A41}.Debug|Any CPU.ActiveCfg = Debug|Any CPU
		{A8E623BC-70EA-3CC8-AFAD-797F006C4A41}.Debug|Any CPU.Build.0 = Debug|Any CPU
		{A8E623BC-70EA-3CC8-AFAD-797F006C4A41}.Release|Any CPU.ActiveCfg = Release|Any CPU
		{A8E623BC-70EA-3CC8-AFAD-797F006C4A41}.Release|Any CPU.Build.0 = Release|Any CPU
		{7F25283D-B5C5-8CA9-8722-E84B380905C6}.Debug|Any CPU.ActiveCfg = Debug|Any CPU
		{7F25283D-B5C5-8CA9-8722-E84B380905C6}.Debug|Any CPU.Build.0 = Debug|Any CPU
		{7F25283D-B5C5-8CA9-8722-E84B380905C6}.Release|Any CPU.ActiveCfg = Release|Any CPU
		{7F25283D-B5C5-8CA9-8722-E84B380905C6}.Release|Any CPU.Build.0 = Release|Any CPU
		{0789C863-B371-F968-B9C9-5F3CF3DD9897}.Debug|Any CPU.ActiveCfg = Debug|Any CPU
		{0789C863-B371-F968-B9C9-5F3CF3DD9897}.Debug|Any CPU.Build.0 = Debug|Any CPU
		{0789C863-B371-F968-B9C9-5F3CF3DD9897}.Release|Any CPU.ActiveCfg = Release|Any CPU
		{0789C863-B371-F968-B9C9-5F3CF3DD9897}.Release|Any CPU.Build.0 = Release|Any CPU
		{68215D72-880F-683C-BFEE-ED19A425A5F2}.Debug|Any CPU.ActiveCfg = Debug|Any CPU
		{68215D72-880F-683C-BFEE-ED19A425A5F2}.Debug|Any CPU.Build.0 = Debug|Any CPU
		{68215D72-880F-683C-BFEE-ED19A425A5F2}.Release|Any CPU.ActiveCfg = Release|Any CPU
		{68215D72-880F-683C-BFEE-ED19A425A5F2}.Release|Any CPU.Build.0 = Release|Any CPU
		{6BE9DA86-B487-64ED-7BF6-08CA10A05A97}.Debug|Any CPU.ActiveCfg = Debug|Any CPU
		{6BE9DA86-B487-64ED-7BF6-08CA10A05A97}.Debug|Any CPU.Build.0 = Debug|Any CPU
		{6BE9DA86-B487-64ED-7BF6-08CA10A05A97}.Release|Any CPU.ActiveCfg = Release|Any CPU
		{6BE9DA86-B487-64ED-7BF6-08CA10A05A97}.Release|Any CPU.Build.0 = Release|Any CPU
		{EF1890AC-F965-E660-35B6-4E181BEB3ED8}.Debug|Any CPU.ActiveCfg = Debug|Any CPU
		{EF1890AC-F965-E660-35B6-4E181BEB3ED8}.Debug|Any CPU.Build.0 = Debug|Any CPU
		{EF1890AC-F965-E660-35B6-4E181BEB3ED8}.Release|Any CPU.ActiveCfg = Release|Any CPU
		{EF1890AC-F965-E660-35B6-4E181BEB3ED8}.Release|Any CPU.Build.0 = Release|Any CPU
		{FB775619-7CDE-E029-14F8-7C22944D6DC9}.Debug|Any CPU.ActiveCfg = Debug|Any CPU
		{FB775619-7CDE-E029-14F8-7C22944D6DC9}.Debug|Any CPU.Build.0 = Debug|Any CPU
		{FB775619-7CDE-E029-14F8-7C22944D6DC9}.Release|Any CPU.ActiveCfg = Release|Any CPU
		{FB775619-7CDE-E029-14F8-7C22944D6DC9}.Release|Any CPU.Build.0 = Release|Any CPU
		{24FF96ED-01BD-FEEC-4ABF-B8C5F58438D5}.Debug|Any CPU.ActiveCfg = Debug|Any CPU
		{24FF96ED-01BD-FEEC-4ABF-B8C5F58438D5}.Debug|Any CPU.Build.0 = Debug|Any CPU
		{24FF96ED-01BD-FEEC-4ABF-B8C5F58438D5}.Release|Any CPU.ActiveCfg = Release|Any CPU
		{24FF96ED-01BD-FEEC-4ABF-B8C5F58438D5}.Release|Any CPU.Build.0 = Release|Any CPU
		{F0FA24A3-0F7B-3962-C471-78992174D4B6}.Debug|Any CPU.ActiveCfg = Debug|Any CPU
		{F0FA24A3-0F7B-3962-C471-78992174D4B6}.Debug|Any CPU.Build.0 = Debug|Any CPU
		{F0FA24A3-0F7B-3962-C471-78992174D4B6}.Release|Any CPU.ActiveCfg = Release|Any CPU
		{F0FA24A3-0F7B-3962-C471-78992174D4B6}.Release|Any CPU.Build.0 = Release|Any CPU
		{5DD1307B-16FA-5171-54CA-4F37F2638022}.Debug|Any CPU.ActiveCfg = Debug|Any CPU
		{5DD1307B-16FA-5171-54CA-4F37F2638022}.Debug|Any CPU.Build.0 = Debug|Any CPU
		{5DD1307B-16FA-5171-54CA-4F37F2638022}.Release|Any CPU.ActiveCfg = Release|Any CPU
		{5DD1307B-16FA-5171-54CA-4F37F2638022}.Release|Any CPU.Build.0 = Release|Any CPU
		{0095379A-0921-C55A-AFC3-64C0445A3E2B}.Debug|Any CPU.ActiveCfg = Debug|Any CPU
		{0095379A-0921-C55A-AFC3-64C0445A3E2B}.Debug|Any CPU.Build.0 = Debug|Any CPU
		{0095379A-0921-C55A-AFC3-64C0445A3E2B}.Release|Any CPU.ActiveCfg = Release|Any CPU
		{0095379A-0921-C55A-AFC3-64C0445A3E2B}.Release|Any CPU.Build.0 = Release|Any CPU
		{FBFE42A1-83A4-7281-4D54-7F520A06C20F}.Debug|Any CPU.ActiveCfg = Debug|Any CPU
		{FBFE42A1-83A4-7281-4D54-7F520A06C20F}.Debug|Any CPU.Build.0 = Debug|Any CPU
		{FBFE42A1-83A4-7281-4D54-7F520A06C20F}.Release|Any CPU.ActiveCfg = Release|Any CPU
		{FBFE42A1-83A4-7281-4D54-7F520A06C20F}.Release|Any CPU.Build.0 = Release|Any CPU
		{568FB1B8-8F23-571C-09B9-5FDB67A4E668}.Debug|Any CPU.ActiveCfg = Debug|Any CPU
		{568FB1B8-8F23-571C-09B9-5FDB67A4E668}.Debug|Any CPU.Build.0 = Debug|Any CPU
		{568FB1B8-8F23-571C-09B9-5FDB67A4E668}.Release|Any CPU.ActiveCfg = Release|Any CPU
		{568FB1B8-8F23-571C-09B9-5FDB67A4E668}.Release|Any CPU.Build.0 = Release|Any CPU
	EndGlobalSection
	GlobalSection(SolutionProperties) = preSolution
		HideSolutionNode = FALSE
	EndGlobalSection
	GlobalSection(NestedProjects) = preSolution
		{EA602798-C127-44E3-8CBA-27E9BA269EB7} = {7E0D2A84-F3DE-4406-BE71-30EE6723E6D0}
		{557A0C48-DA6A-4D7C-8668-94F08A390F4B} = {06253892-53F5-4EB1-8CBE-8558DBDD9B70}
		{50CBB29E-F271-4BD3-B176-6F68BB3294EE} = {3339F5B7-AA56-4192-B201-75B2620036B1}
		{5C605BF3-D5A3-4334-8AFA-4D45A6DC365E} = {426FE279-89DF-4C2A-ABBB-729FDA4D893A}
		{F547FB13-43D4-4AAB-8629-B41FFF4A251F} = {426FE279-89DF-4C2A-ABBB-729FDA4D893A}
		{AA77035F-A3A8-7972-CC88-17A2E41EBA87} = {3339F5B7-AA56-4192-B201-75B2620036B1}
		{F1E2F880-3214-E0ED-03BF-4F78931C9C6E} = {3339F5B7-AA56-4192-B201-75B2620036B1}
		{A1CC2D8C-C323-51C2-2480-BFFD9DAD9F1F} = {3339F5B7-AA56-4192-B201-75B2620036B1}
		{023BB767-08ED-44DE-A6BF-9A2EDE8345B7} = {3339F5B7-AA56-4192-B201-75B2620036B1}
		{C39E1045-E7D8-4F2D-B1CE-C7BAA59D6EF6} = {3339F5B7-AA56-4192-B201-75B2620036B1}
		{E7DC90EE-C82A-5CC7-8F33-9EC2FEC36291} = {3339F5B7-AA56-4192-B201-75B2620036B1}
		{0D1F1D5D-B1DF-443F-2630-11DC6DEEDF00} = {3339F5B7-AA56-4192-B201-75B2620036B1}
		{FE8B04D5-8AED-F023-588B-65947B83FDF5} = {3339F5B7-AA56-4192-B201-75B2620036B1}
		{A8E623BC-70EA-3CC8-AFAD-797F006C4A41} = {3339F5B7-AA56-4192-B201-75B2620036B1}
		{7F25283D-B5C5-8CA9-8722-E84B380905C6} = {3339F5B7-AA56-4192-B201-75B2620036B1}
		{0789C863-B371-F968-B9C9-5F3CF3DD9897} = {3339F5B7-AA56-4192-B201-75B2620036B1}
		{68215D72-880F-683C-BFEE-ED19A425A5F2} = {3339F5B7-AA56-4192-B201-75B2620036B1}
		{6BE9DA86-B487-64ED-7BF6-08CA10A05A97} = {3339F5B7-AA56-4192-B201-75B2620036B1}
		{EF1890AC-F965-E660-35B6-4E181BEB3ED8} = {3339F5B7-AA56-4192-B201-75B2620036B1}
		{FB775619-7CDE-E029-14F8-7C22944D6DC9} = {3339F5B7-AA56-4192-B201-75B2620036B1}
		{24FF96ED-01BD-FEEC-4ABF-B8C5F58438D5} = {3339F5B7-AA56-4192-B201-75B2620036B1}
		{F0FA24A3-0F7B-3962-C471-78992174D4B6} = {3339F5B7-AA56-4192-B201-75B2620036B1}
		{5DD1307B-16FA-5171-54CA-4F37F2638022} = {3339F5B7-AA56-4192-B201-75B2620036B1}
		{0095379A-0921-C55A-AFC3-64C0445A3E2B} = {3339F5B7-AA56-4192-B201-75B2620036B1}
		{FBFE42A1-83A4-7281-4D54-7F520A06C20F} = {3339F5B7-AA56-4192-B201-75B2620036B1}
		{568FB1B8-8F23-571C-09B9-5FDB67A4E668} = {3339F5B7-AA56-4192-B201-75B2620036B1}
	EndGlobalSection
	GlobalSection(ExtensibilityGlobals) = postSolution
		SolutionGuid = {72ED70A7-E1BB-4D06-B6FD-E092DA575FBE}
	EndGlobalSection
EndGlobal
