
Microsoft Visual Studio Solution File, Format Version 12.00
# Visual Studio 15
VisualStudioVersion = 15.0.27130.2010
MinimumVisualStudioVersion = 10.0.40219.1
Project("{9A19103F-16F7-4668-BE54-9A1E7A4F7556}") = "Nano.Templates.Advanced", "Nano.Templates.Advanced\Nano.Templates.Advanced.csproj", "{12F19C27-B868-49EC-A07B-5DB67C22AE6E}"
EndProject
Project("{2150E333-8FDC-42A3-9474-1A3956D46DE8}") = ".dockers", ".dockers", "{8DE3DF8D-7C8E-433A-B325-CECCCE939585}"
EndProject
Project("{E53339B2-1760-4266-BCC7-CA923CBCF16C}") = "docker-compose", ".docker\docker-compose.dcproj", "{05811249-CB4E-44EC-91C1-BDB5664A3377}"
EndProject
Project("{2150E333-8FDC-42A3-9474-1A3956D46DE8}") = ".solution", ".solution", "{8B945C94-7BAF-451C-A622-461B91559C7B}"
	ProjectSection(SolutionItems) = preProject
		..\.gitignore = ..\.gitignore
		..\LICENSE = ..\LICENSE
		README.md = README.md
	EndProjectSection
EndProject
Project("{FAE04EC0-301F-11D3-BF4B-00C04F79EFBC}") = "Nano.Templates.Advanced.Models", "Nano.Templates.Advanced.Models\Nano.Templates.Advanced.Models.csproj", "{C655365D-F8CE-4180-9C4C-CD4B63D56C53}"
EndProject
Global
	GlobalSection(SolutionConfigurationPlatforms) = preSolution
		Debug|Any CPU = Debug|Any CPU
		Release|Any CPU = Release|Any CPU
	EndGlobalSection
	GlobalSection(ProjectConfigurationPlatforms) = postSolution
		{12F19C27-B868-49EC-A07B-5DB67C22AE6E}.Debug|Any CPU.ActiveCfg = Debug|Any CPU
		{12F19C27-B868-49EC-A07B-5DB67C22AE6E}.Debug|Any CPU.Build.0 = Debug|Any CPU
		{12F19C27-B868-49EC-A07B-5DB67C22AE6E}.Release|Any CPU.ActiveCfg = Release|Any CPU
		{12F19C27-B868-49EC-A07B-5DB67C22AE6E}.Release|Any CPU.Build.0 = Release|Any CPU
		{05811249-CB4E-44EC-91C1-BDB5664A3377}.Debug|Any CPU.ActiveCfg = Debug|Any CPU
		{05811249-CB4E-44EC-91C1-BDB5664A3377}.Debug|Any CPU.Build.0 = Debug|Any CPU
		{05811249-CB4E-44EC-91C1-BDB5664A3377}.Release|Any CPU.ActiveCfg = Release|Any CPU
		{C655365D-F8CE-4180-9C4C-CD4B63D56C53}.Debug|Any CPU.ActiveCfg = Debug|Any CPU
		{C655365D-F8CE-4180-9C4C-CD4B63D56C53}.Debug|Any CPU.Build.0 = Debug|Any CPU
		{C655365D-F8CE-4180-9C4C-CD4B63D56C53}.Release|Any CPU.ActiveCfg = Release|Any CPU
		{C655365D-F8CE-4180-9C4C-CD4B63D56C53}.Release|Any CPU.Build.0 = Release|Any CPU
	EndGlobalSection
	GlobalSection(SolutionProperties) = preSolution
		HideSolutionNode = FALSE
	EndGlobalSection
	GlobalSection(NestedProjects) = preSolution
		{05811249-CB4E-44EC-91C1-BDB5664A3377} = {8DE3DF8D-7C8E-433A-B325-CECCCE939585}
	EndGlobalSection
	GlobalSection(ExtensibilityGlobals) = postSolution
		SolutionGuid = {7E1EB40D-7A79-483A-934A-02883E98E157}
	EndGlobalSection
EndGlobal
