
Microsoft Visual Studio Solution File, Format Version 12.00
# Visual Studio Version 16
VisualStudioVersion = 16.0.29613.14
MinimumVisualStudioVersion = 10.0.40219.1
Project("{9A19103F-16F7-4668-BE54-9A1E7A4F7556}") = "Nano.Template.Console", "Nano.Template.Console\Nano.Template.Console.csproj", "{C563A416-5EDD-4228-B8C7-B5AFEC141466}"
EndProject
Project("{9A19103F-16F7-4668-BE54-9A1E7A4F7556}") = "Nano.Template.Console.Models", "Nano.Template.Console.Models\Nano.Template.Console.Models.csproj", "{74AC7031-29E0-4EEB-91D4-AE1965A39171}"
EndProject
Project("{2150E333-8FDC-42A3-9474-1A3956D46DE8}") = ".solution", ".solution", "{F9091FFF-8BDF-4447-A4CC-19ACF2F783A3}"
	ProjectSection(SolutionItems) = preProject
		.gitignore = .gitignore
		appveyor.yml = appveyor.yml
		localhost.pfx = localhost.pfx
		README.md = README.md
	EndProjectSection
EndProject
Project("{2150E333-8FDC-42A3-9474-1A3956D46DE8}") = ".docker", ".docker", "{06253892-53F5-4EB1-8CBE-8558DBDD9B70}"
	ProjectSection(SolutionItems) = preProject
		.dockerignore = .dockerignore
		Dockerfile = Dockerfile
	EndProjectSection
EndProject
Project("{2150E333-8FDC-42A3-9474-1A3956D46DE8}") = ".tests", ".tests", "{7E0D2A84-F3DE-4406-BE71-30EE6723E6D0}"
EndProject
Project("{2150E333-8FDC-42A3-9474-1A3956D46DE8}") = ".kubernetes", ".kubernetes", "{0C4D782F-72EF-42B4-BC1B-AF4044CC863A}"
	ProjectSection(SolutionItems) = preProject
		.kubernetes\configmap.yaml = .kubernetes\configmap.yaml
		.kubernetes\cronjob.yaml = .kubernetes\cronjob.yaml
	EndProjectSection
EndProject
Project("{9A19103F-16F7-4668-BE54-9A1E7A4F7556}") = "Tests.Nano.Template.Console", ".tests\Tests.Nano.Template.Console\Tests.Nano.Template.Console.csproj", "{EA602798-C127-44E3-8CBA-27E9BA269EB7}"
EndProject
Project("{E53339B2-1760-4266-BCC7-CA923CBCF16C}") = "docker-compose", ".docker\docker-compose.dcproj", "{557A0C48-DA6A-4D7C-8668-94F08A390F4B}"
EndProject
Project("{2150E333-8FDC-42A3-9474-1A3956D46DE8}") = ".nano", ".nano", "{06514BD5-76DD-468A-9B0E-398FF055B759}"
EndProject
Project("{9A19103F-16F7-4668-BE54-9A1E7A4F7556}") = "Nano.App", "..\..\Nano.Library\Nano.App\Nano.App.csproj", "{427D135E-2F7D-4C22-B437-701F2116B068}"
EndProject
Project("{9A19103F-16F7-4668-BE54-9A1E7A4F7556}") = "Nano.Config", "..\..\Nano.Library\Nano.Config\Nano.Config.csproj", "{77CC4AD0-EF51-432B-B533-AE71E79F5EB3}"
EndProject
Project("{9A19103F-16F7-4668-BE54-9A1E7A4F7556}") = "Nano.Console", "..\..\Nano.Library\Nano.Console\Nano.Console.csproj", "{0C045ED1-AE23-47CE-A93F-04CE1972AF96}"
EndProject
Project("{9A19103F-16F7-4668-BE54-9A1E7A4F7556}") = "Nano.Data", "..\..\Nano.Library\Nano.Data\Nano.Data.csproj", "{591969B1-FEE6-4B18-B24D-464CE74793D3}"
EndProject
Project("{9A19103F-16F7-4668-BE54-9A1E7A4F7556}") = "Nano.Eventing", "..\..\Nano.Library\Nano.Eventing\Nano.Eventing.csproj", "{962DB6D4-875D-4A2E-96CF-9622C4B58A7A}"
EndProject
Project("{9A19103F-16F7-4668-BE54-9A1E7A4F7556}") = "Nano.Logging", "..\..\Nano.Library\Nano.Logging\Nano.Logging.csproj", "{F31FF257-4DE0-4CEA-B84B-3A918B6D8638}"
EndProject
Project("{9A19103F-16F7-4668-BE54-9A1E7A4F7556}") = "Nano.Models", "..\..\Nano.Library\Nano.Models\Nano.Models.csproj", "{89F1445A-F55F-4428-BF2F-8229B552DD50}"
EndProject
Project("{9A19103F-16F7-4668-BE54-9A1E7A4F7556}") = "Nano.Repository", "..\..\Nano.Library\Nano.Repository\Nano.Repository.csproj", "{C543372C-8B2A-4703-B663-C2FC02C222D6}"
EndProject
Project("{9A19103F-16F7-4668-BE54-9A1E7A4F7556}") = "Nano.Security", "..\..\Nano.Library\Nano.Security\Nano.Security.csproj", "{4A49B5F6-C660-47E5-BA88-76B21A5DCB74}"
EndProject
Project("{9A19103F-16F7-4668-BE54-9A1E7A4F7556}") = "Nano.Web", "..\..\Nano.Library\Nano.Web\Nano.Web.csproj", "{18666189-635F-4C2D-8C67-C25C86D9CAE6}"
EndProject
Global
	GlobalSection(SolutionConfigurationPlatforms) = preSolution
		Debug|Any CPU = Debug|Any CPU
		Release|Any CPU = Release|Any CPU
	EndGlobalSection
	GlobalSection(ProjectConfigurationPlatforms) = postSolution
		{C563A416-5EDD-4228-B8C7-B5AFEC141466}.Debug|Any CPU.ActiveCfg = Debug|Any CPU
		{C563A416-5EDD-4228-B8C7-B5AFEC141466}.Debug|Any CPU.Build.0 = Debug|Any CPU
		{C563A416-5EDD-4228-B8C7-B5AFEC141466}.Release|Any CPU.ActiveCfg = Release|Any CPU
		{C563A416-5EDD-4228-B8C7-B5AFEC141466}.Release|Any CPU.Build.0 = Release|Any CPU
		{74AC7031-29E0-4EEB-91D4-AE1965A39171}.Debug|Any CPU.ActiveCfg = Debug|Any CPU
		{74AC7031-29E0-4EEB-91D4-AE1965A39171}.Debug|Any CPU.Build.0 = Debug|Any CPU
		{74AC7031-29E0-4EEB-91D4-AE1965A39171}.Release|Any CPU.ActiveCfg = Release|Any CPU
		{74AC7031-29E0-4EEB-91D4-AE1965A39171}.Release|Any CPU.Build.0 = Release|Any CPU
		{EA602798-C127-44E3-8CBA-27E9BA269EB7}.Debug|Any CPU.ActiveCfg = Debug|Any CPU
		{EA602798-C127-44E3-8CBA-27E9BA269EB7}.Debug|Any CPU.Build.0 = Debug|Any CPU
		{EA602798-C127-44E3-8CBA-27E9BA269EB7}.Release|Any CPU.ActiveCfg = Release|Any CPU
		{EA602798-C127-44E3-8CBA-27E9BA269EB7}.Release|Any CPU.Build.0 = Release|Any CPU
		{557A0C48-DA6A-4D7C-8668-94F08A390F4B}.Debug|Any CPU.ActiveCfg = Debug|Any CPU
		{557A0C48-DA6A-4D7C-8668-94F08A390F4B}.Debug|Any CPU.Build.0 = Debug|Any CPU
		{557A0C48-DA6A-4D7C-8668-94F08A390F4B}.Release|Any CPU.ActiveCfg = Release|Any CPU
		{427D135E-2F7D-4C22-B437-701F2116B068}.Debug|Any CPU.ActiveCfg = Debug|Any CPU
		{427D135E-2F7D-4C22-B437-701F2116B068}.Debug|Any CPU.Build.0 = Debug|Any CPU
		{427D135E-2F7D-4C22-B437-701F2116B068}.Release|Any CPU.ActiveCfg = Release|Any CPU
		{427D135E-2F7D-4C22-B437-701F2116B068}.Release|Any CPU.Build.0 = Release|Any CPU
		{77CC4AD0-EF51-432B-B533-AE71E79F5EB3}.Debug|Any CPU.ActiveCfg = Debug|Any CPU
		{77CC4AD0-EF51-432B-B533-AE71E79F5EB3}.Debug|Any CPU.Build.0 = Debug|Any CPU
		{77CC4AD0-EF51-432B-B533-AE71E79F5EB3}.Release|Any CPU.ActiveCfg = Release|Any CPU
		{77CC4AD0-EF51-432B-B533-AE71E79F5EB3}.Release|Any CPU.Build.0 = Release|Any CPU
		{0C045ED1-AE23-47CE-A93F-04CE1972AF96}.Debug|Any CPU.ActiveCfg = Debug|Any CPU
		{0C045ED1-AE23-47CE-A93F-04CE1972AF96}.Debug|Any CPU.Build.0 = Debug|Any CPU
		{0C045ED1-AE23-47CE-A93F-04CE1972AF96}.Release|Any CPU.ActiveCfg = Release|Any CPU
		{0C045ED1-AE23-47CE-A93F-04CE1972AF96}.Release|Any CPU.Build.0 = Release|Any CPU
		{591969B1-FEE6-4B18-B24D-464CE74793D3}.Debug|Any CPU.ActiveCfg = Debug|Any CPU
		{591969B1-FEE6-4B18-B24D-464CE74793D3}.Debug|Any CPU.Build.0 = Debug|Any CPU
		{591969B1-FEE6-4B18-B24D-464CE74793D3}.Release|Any CPU.ActiveCfg = Release|Any CPU
		{591969B1-FEE6-4B18-B24D-464CE74793D3}.Release|Any CPU.Build.0 = Release|Any CPU
		{962DB6D4-875D-4A2E-96CF-9622C4B58A7A}.Debug|Any CPU.ActiveCfg = Debug|Any CPU
		{962DB6D4-875D-4A2E-96CF-9622C4B58A7A}.Debug|Any CPU.Build.0 = Debug|Any CPU
		{962DB6D4-875D-4A2E-96CF-9622C4B58A7A}.Release|Any CPU.ActiveCfg = Release|Any CPU
		{962DB6D4-875D-4A2E-96CF-9622C4B58A7A}.Release|Any CPU.Build.0 = Release|Any CPU
		{F31FF257-4DE0-4CEA-B84B-3A918B6D8638}.Debug|Any CPU.ActiveCfg = Debug|Any CPU
		{F31FF257-4DE0-4CEA-B84B-3A918B6D8638}.Debug|Any CPU.Build.0 = Debug|Any CPU
		{F31FF257-4DE0-4CEA-B84B-3A918B6D8638}.Release|Any CPU.ActiveCfg = Release|Any CPU
		{F31FF257-4DE0-4CEA-B84B-3A918B6D8638}.Release|Any CPU.Build.0 = Release|Any CPU
		{89F1445A-F55F-4428-BF2F-8229B552DD50}.Debug|Any CPU.ActiveCfg = Debug|Any CPU
		{89F1445A-F55F-4428-BF2F-8229B552DD50}.Debug|Any CPU.Build.0 = Debug|Any CPU
		{89F1445A-F55F-4428-BF2F-8229B552DD50}.Release|Any CPU.ActiveCfg = Release|Any CPU
		{89F1445A-F55F-4428-BF2F-8229B552DD50}.Release|Any CPU.Build.0 = Release|Any CPU
		{C543372C-8B2A-4703-B663-C2FC02C222D6}.Debug|Any CPU.ActiveCfg = Debug|Any CPU
		{C543372C-8B2A-4703-B663-C2FC02C222D6}.Debug|Any CPU.Build.0 = Debug|Any CPU
		{C543372C-8B2A-4703-B663-C2FC02C222D6}.Release|Any CPU.ActiveCfg = Release|Any CPU
		{C543372C-8B2A-4703-B663-C2FC02C222D6}.Release|Any CPU.Build.0 = Release|Any CPU
		{4A49B5F6-C660-47E5-BA88-76B21A5DCB74}.Debug|Any CPU.ActiveCfg = Debug|Any CPU
		{4A49B5F6-C660-47E5-BA88-76B21A5DCB74}.Debug|Any CPU.Build.0 = Debug|Any CPU
		{4A49B5F6-C660-47E5-BA88-76B21A5DCB74}.Release|Any CPU.ActiveCfg = Release|Any CPU
		{4A49B5F6-C660-47E5-BA88-76B21A5DCB74}.Release|Any CPU.Build.0 = Release|Any CPU
		{18666189-635F-4C2D-8C67-C25C86D9CAE6}.Debug|Any CPU.ActiveCfg = Debug|Any CPU
		{18666189-635F-4C2D-8C67-C25C86D9CAE6}.Debug|Any CPU.Build.0 = Debug|Any CPU
		{18666189-635F-4C2D-8C67-C25C86D9CAE6}.Release|Any CPU.ActiveCfg = Release|Any CPU
		{18666189-635F-4C2D-8C67-C25C86D9CAE6}.Release|Any CPU.Build.0 = Release|Any CPU
	EndGlobalSection
	GlobalSection(SolutionProperties) = preSolution
		HideSolutionNode = FALSE
	EndGlobalSection
	GlobalSection(NestedProjects) = preSolution
		{EA602798-C127-44E3-8CBA-27E9BA269EB7} = {7E0D2A84-F3DE-4406-BE71-30EE6723E6D0}
		{557A0C48-DA6A-4D7C-8668-94F08A390F4B} = {06253892-53F5-4EB1-8CBE-8558DBDD9B70}
		{427D135E-2F7D-4C22-B437-701F2116B068} = {06514BD5-76DD-468A-9B0E-398FF055B759}
		{77CC4AD0-EF51-432B-B533-AE71E79F5EB3} = {06514BD5-76DD-468A-9B0E-398FF055B759}
		{0C045ED1-AE23-47CE-A93F-04CE1972AF96} = {06514BD5-76DD-468A-9B0E-398FF055B759}
		{591969B1-FEE6-4B18-B24D-464CE74793D3} = {06514BD5-76DD-468A-9B0E-398FF055B759}
		{962DB6D4-875D-4A2E-96CF-9622C4B58A7A} = {06514BD5-76DD-468A-9B0E-398FF055B759}
		{F31FF257-4DE0-4CEA-B84B-3A918B6D8638} = {06514BD5-76DD-468A-9B0E-398FF055B759}
		{89F1445A-F55F-4428-BF2F-8229B552DD50} = {06514BD5-76DD-468A-9B0E-398FF055B759}
		{C543372C-8B2A-4703-B663-C2FC02C222D6} = {06514BD5-76DD-468A-9B0E-398FF055B759}
		{4A49B5F6-C660-47E5-BA88-76B21A5DCB74} = {06514BD5-76DD-468A-9B0E-398FF055B759}
		{18666189-635F-4C2D-8C67-C25C86D9CAE6} = {06514BD5-76DD-468A-9B0E-398FF055B759}
	EndGlobalSection
	GlobalSection(ExtensibilityGlobals) = postSolution
		SolutionGuid = {72ED70A7-E1BB-4D06-B6FD-E092DA575FBE}
	EndGlobalSection
EndGlobal
