
Microsoft Visual Studio Solution File, Format Version 12.00
# Visual Studio Version 17
VisualStudioVersion = 17.0.32112.339
MinimumVisualStudioVersion = 10.0.40219.1
Project("{2150E333-8FDC-42A3-9474-1A3956D46DE8}") = ".dockers", ".dockers", "{8DE3DF8D-7C8E-433A-B325-CECCCE939585}"
	ProjectSection(SolutionItems) = preProject
		.dockerignore = .dockerignore
		Dockerfile = Dockerfile
	EndProjectSection
EndProject
Project("{2150E333-8FDC-42A3-9474-1A3956D46DE8}") = ".solution", ".solution", "{8B945C94-7BAF-451C-A622-461B91559C7B}"
	ProjectSection(SolutionItems) = preProject
		.gitignore = .gitignore
		localhost.pfx = localhost.pfx
		README.md = README.md
	EndProjectSection
EndProject
Project("{2150E333-8FDC-42A3-9474-1A3956D46DE8}") = ".kubernetes", ".kubernetes", "{A0815236-F5A3-42A6-A6D3-ACD762007A3F}"
	ProjectSection(SolutionItems) = preProject
		.kubernetes\autoscaler.yaml = .kubernetes\autoscaler.yaml
		.kubernetes\certificate.yaml = .kubernetes\certificate.yaml
		.kubernetes\configmap.yaml = .kubernetes\configmap.yaml
		.kubernetes\deployment.yaml = .kubernetes\deployment.yaml
		.kubernetes\ingress.yaml = .kubernetes\ingress.yaml
		.kubernetes\service.yaml = .kubernetes\service.yaml
	EndProjectSection
EndProject
Project("{9A19103F-16F7-4668-BE54-9A1E7A4F7556}") = "Nano.Template.Api", "Nano.Template.Api\Nano.Template.Api.csproj", "{4A8767D6-80F6-4D2A-89CC-C66E008313D9}"
EndProject
Project("{E53339B2-1760-4266-BCC7-CA923CBCF16C}") = "docker-compose", ".docker\docker-compose.dcproj", "{05811249-CB4E-44EC-91C1-BDB5664A3377}"
EndProject
Project("{2150E333-8FDC-42A3-9474-1A3956D46DE8}") = ".tests", ".tests", "{391AA8ED-494A-4649-9F9B-95D7F507C7B3}"
EndProject
Project("{9A19103F-16F7-4668-BE54-9A1E7A4F7556}") = "Tests.Nano.Template.Api", ".tests\Tests.Nano.Template.Api\Tests.Nano.Template.Api.csproj", "{36C47A9A-B83E-44F5-A712-89D401F66A0F}"
EndProject
Project("{2150E333-8FDC-42A3-9474-1A3956D46DE8}") = ".nano", ".nano", "{A7A47F2F-CDE5-4033-BB4B-BFB1675F8A64}"
EndProject
Project("{9A19103F-16F7-4668-BE54-9A1E7A4F7556}") = "Nano.App", "..\..\Nano.Library\Nano.App\Nano.App.csproj", "{3EE09DD3-7894-4FF9-9534-026485FA38D8}"
EndProject
Project("{9A19103F-16F7-4668-BE54-9A1E7A4F7556}") = "Nano.Config", "..\..\Nano.Library\Nano.Config\Nano.Config.csproj", "{C00ED6A7-CEA7-4EE0-A686-23D3431161B6}"
EndProject
Project("{9A19103F-16F7-4668-BE54-9A1E7A4F7556}") = "Nano.Console", "..\..\Nano.Library\Nano.Console\Nano.Console.csproj", "{8BD1F694-F5F3-44CC-87BC-3481F7D0CBEF}"
EndProject
Project("{9A19103F-16F7-4668-BE54-9A1E7A4F7556}") = "Nano.Data", "..\..\Nano.Library\Nano.Data\Nano.Data.csproj", "{CED14CC9-003F-4ACB-844F-B90A03ABDC86}"
EndProject
Project("{9A19103F-16F7-4668-BE54-9A1E7A4F7556}") = "Nano.Eventing", "..\..\Nano.Library\Nano.Eventing\Nano.Eventing.csproj", "{FC33C3BD-9AFD-4D4C-B697-2E42B8D0B107}"
EndProject
Project("{9A19103F-16F7-4668-BE54-9A1E7A4F7556}") = "Nano.Logging", "..\..\Nano.Library\Nano.Logging\Nano.Logging.csproj", "{0254B009-424F-41EA-A19C-4268930631EC}"
EndProject
Project("{9A19103F-16F7-4668-BE54-9A1E7A4F7556}") = "Nano.Models", "..\..\Nano.Library\Nano.Models\Nano.Models.csproj", "{C833CB43-1A1B-4C46-9111-8186BBF6115D}"
EndProject
Project("{9A19103F-16F7-4668-BE54-9A1E7A4F7556}") = "Nano.Repository", "..\..\Nano.Library\Nano.Repository\Nano.Repository.csproj", "{A3310EC3-2503-4BDD-BBC8-32009FF9770E}"
EndProject
Project("{9A19103F-16F7-4668-BE54-9A1E7A4F7556}") = "Nano.Security", "..\..\Nano.Library\Nano.Security\Nano.Security.csproj", "{0D32D097-410F-4C54-930C-35762BA23D78}"
EndProject
Project("{9A19103F-16F7-4668-BE54-9A1E7A4F7556}") = "Nano.Web", "..\..\Nano.Library\Nano.Web\Nano.Web.csproj", "{6059FB91-B7D4-4497-9457-6934B46688D4}"
EndProject
Project("{2150E333-8FDC-42A3-9474-1A3956D46DE8}") = ".github", ".github", "{2531C309-DB58-4F22-AE32-C89D848C1EAD}"
EndProject
Project("{2150E333-8FDC-42A3-9474-1A3956D46DE8}") = "config", "config", "{ED81B307-0B29-44C0-A919-527D31CEA553}"
	ProjectSection(SolutionItems) = preProject
		.github\config\slack.yml = .github\config\slack.yml
	EndProjectSection
EndProject
Project("{2150E333-8FDC-42A3-9474-1A3956D46DE8}") = "workflows", "workflows", "{74171981-09E6-475A-8B5F-6B22A9B07811}"
	ProjectSection(SolutionItems) = preProject
		.github\workflows\build-and-deploy.yml = .github\workflows\build-and-deploy.yml
	EndProjectSection
EndProject
Project("{2150E333-8FDC-42A3-9474-1A3956D46DE8}") = ".postman", ".postman", "{E164B498-4562-4F29-ACD6-7A4676D40ED8}"
	ProjectSection(SolutionItems) = preProject
		.postman\Nano.Template.Api.postman_collection.json = .postman\Nano.Template.Api.postman_collection.json
	EndProjectSection
EndProject
Project("{9A19103F-16F7-4668-BE54-9A1E7A4F7556}") = "Nano.Template.Service.Models", "..\Service\Nano.Template.Service.Models\Nano.Template.Service.Models.csproj", "{8F55515E-BCE8-434D-8B8C-24C76A98922F}"
EndProject
Global
	GlobalSection(SolutionConfigurationPlatforms) = preSolution
		Debug|Any CPU = Debug|Any CPU
		Release|Any CPU = Release|Any CPU
	EndGlobalSection
	GlobalSection(ProjectConfigurationPlatforms) = postSolution
		{4A8767D6-80F6-4D2A-89CC-C66E008313D9}.Debug|Any CPU.ActiveCfg = Debug|Any CPU
		{4A8767D6-80F6-4D2A-89CC-C66E008313D9}.Debug|Any CPU.Build.0 = Debug|Any CPU
		{4A8767D6-80F6-4D2A-89CC-C66E008313D9}.Release|Any CPU.ActiveCfg = Release|Any CPU
		{4A8767D6-80F6-4D2A-89CC-C66E008313D9}.Release|Any CPU.Build.0 = Release|Any CPU
		{05811249-CB4E-44EC-91C1-BDB5664A3377}.Debug|Any CPU.ActiveCfg = Debug|Any CPU
		{05811249-CB4E-44EC-91C1-BDB5664A3377}.Debug|Any CPU.Build.0 = Debug|Any CPU
		{05811249-CB4E-44EC-91C1-BDB5664A3377}.Release|Any CPU.ActiveCfg = Release|Any CPU
		{05811249-CB4E-44EC-91C1-BDB5664A3377}.Release|Any CPU.Build.0 = Release|Any CPU
		{36C47A9A-B83E-44F5-A712-89D401F66A0F}.Debug|Any CPU.ActiveCfg = Debug|Any CPU
		{36C47A9A-B83E-44F5-A712-89D401F66A0F}.Debug|Any CPU.Build.0 = Debug|Any CPU
		{36C47A9A-B83E-44F5-A712-89D401F66A0F}.Release|Any CPU.ActiveCfg = Release|Any CPU
		{36C47A9A-B83E-44F5-A712-89D401F66A0F}.Release|Any CPU.Build.0 = Release|Any CPU
		{3EE09DD3-7894-4FF9-9534-026485FA38D8}.Debug|Any CPU.ActiveCfg = Debug|Any CPU
		{3EE09DD3-7894-4FF9-9534-026485FA38D8}.Debug|Any CPU.Build.0 = Debug|Any CPU
		{3EE09DD3-7894-4FF9-9534-026485FA38D8}.Release|Any CPU.ActiveCfg = Release|Any CPU
		{3EE09DD3-7894-4FF9-9534-026485FA38D8}.Release|Any CPU.Build.0 = Release|Any CPU
		{C00ED6A7-CEA7-4EE0-A686-23D3431161B6}.Debug|Any CPU.ActiveCfg = Debug|Any CPU
		{C00ED6A7-CEA7-4EE0-A686-23D3431161B6}.Debug|Any CPU.Build.0 = Debug|Any CPU
		{C00ED6A7-CEA7-4EE0-A686-23D3431161B6}.Release|Any CPU.ActiveCfg = Release|Any CPU
		{C00ED6A7-CEA7-4EE0-A686-23D3431161B6}.Release|Any CPU.Build.0 = Release|Any CPU
		{8BD1F694-F5F3-44CC-87BC-3481F7D0CBEF}.Debug|Any CPU.ActiveCfg = Debug|Any CPU
		{8BD1F694-F5F3-44CC-87BC-3481F7D0CBEF}.Debug|Any CPU.Build.0 = Debug|Any CPU
		{8BD1F694-F5F3-44CC-87BC-3481F7D0CBEF}.Release|Any CPU.ActiveCfg = Release|Any CPU
		{8BD1F694-F5F3-44CC-87BC-3481F7D0CBEF}.Release|Any CPU.Build.0 = Release|Any CPU
		{CED14CC9-003F-4ACB-844F-B90A03ABDC86}.Debug|Any CPU.ActiveCfg = Debug|Any CPU
		{CED14CC9-003F-4ACB-844F-B90A03ABDC86}.Debug|Any CPU.Build.0 = Debug|Any CPU
		{CED14CC9-003F-4ACB-844F-B90A03ABDC86}.Release|Any CPU.ActiveCfg = Release|Any CPU
		{CED14CC9-003F-4ACB-844F-B90A03ABDC86}.Release|Any CPU.Build.0 = Release|Any CPU
		{FC33C3BD-9AFD-4D4C-B697-2E42B8D0B107}.Debug|Any CPU.ActiveCfg = Debug|Any CPU
		{FC33C3BD-9AFD-4D4C-B697-2E42B8D0B107}.Debug|Any CPU.Build.0 = Debug|Any CPU
		{FC33C3BD-9AFD-4D4C-B697-2E42B8D0B107}.Release|Any CPU.ActiveCfg = Release|Any CPU
		{FC33C3BD-9AFD-4D4C-B697-2E42B8D0B107}.Release|Any CPU.Build.0 = Release|Any CPU
		{0254B009-424F-41EA-A19C-4268930631EC}.Debug|Any CPU.ActiveCfg = Debug|Any CPU
		{0254B009-424F-41EA-A19C-4268930631EC}.Debug|Any CPU.Build.0 = Debug|Any CPU
		{0254B009-424F-41EA-A19C-4268930631EC}.Release|Any CPU.ActiveCfg = Release|Any CPU
		{0254B009-424F-41EA-A19C-4268930631EC}.Release|Any CPU.Build.0 = Release|Any CPU
		{C833CB43-1A1B-4C46-9111-8186BBF6115D}.Debug|Any CPU.ActiveCfg = Debug|Any CPU
		{C833CB43-1A1B-4C46-9111-8186BBF6115D}.Debug|Any CPU.Build.0 = Debug|Any CPU
		{C833CB43-1A1B-4C46-9111-8186BBF6115D}.Release|Any CPU.ActiveCfg = Release|Any CPU
		{C833CB43-1A1B-4C46-9111-8186BBF6115D}.Release|Any CPU.Build.0 = Release|Any CPU
		{A3310EC3-2503-4BDD-BBC8-32009FF9770E}.Debug|Any CPU.ActiveCfg = Debug|Any CPU
		{A3310EC3-2503-4BDD-BBC8-32009FF9770E}.Debug|Any CPU.Build.0 = Debug|Any CPU
		{A3310EC3-2503-4BDD-BBC8-32009FF9770E}.Release|Any CPU.ActiveCfg = Release|Any CPU
		{A3310EC3-2503-4BDD-BBC8-32009FF9770E}.Release|Any CPU.Build.0 = Release|Any CPU
		{0D32D097-410F-4C54-930C-35762BA23D78}.Debug|Any CPU.ActiveCfg = Debug|Any CPU
		{0D32D097-410F-4C54-930C-35762BA23D78}.Debug|Any CPU.Build.0 = Debug|Any CPU
		{0D32D097-410F-4C54-930C-35762BA23D78}.Release|Any CPU.ActiveCfg = Release|Any CPU
		{0D32D097-410F-4C54-930C-35762BA23D78}.Release|Any CPU.Build.0 = Release|Any CPU
		{6059FB91-B7D4-4497-9457-6934B46688D4}.Debug|Any CPU.ActiveCfg = Debug|Any CPU
		{6059FB91-B7D4-4497-9457-6934B46688D4}.Debug|Any CPU.Build.0 = Debug|Any CPU
		{6059FB91-B7D4-4497-9457-6934B46688D4}.Release|Any CPU.ActiveCfg = Release|Any CPU
		{6059FB91-B7D4-4497-9457-6934B46688D4}.Release|Any CPU.Build.0 = Release|Any CPU
		{8F55515E-BCE8-434D-8B8C-24C76A98922F}.Debug|Any CPU.ActiveCfg = Debug|Any CPU
		{8F55515E-BCE8-434D-8B8C-24C76A98922F}.Debug|Any CPU.Build.0 = Debug|Any CPU
		{8F55515E-BCE8-434D-8B8C-24C76A98922F}.Release|Any CPU.ActiveCfg = Release|Any CPU
		{8F55515E-BCE8-434D-8B8C-24C76A98922F}.Release|Any CPU.Build.0 = Release|Any CPU
	EndGlobalSection
	GlobalSection(SolutionProperties) = preSolution
		HideSolutionNode = FALSE
	EndGlobalSection
	GlobalSection(NestedProjects) = preSolution
		{05811249-CB4E-44EC-91C1-BDB5664A3377} = {8DE3DF8D-7C8E-433A-B325-CECCCE939585}
		{36C47A9A-B83E-44F5-A712-89D401F66A0F} = {391AA8ED-494A-4649-9F9B-95D7F507C7B3}
		{3EE09DD3-7894-4FF9-9534-026485FA38D8} = {A7A47F2F-CDE5-4033-BB4B-BFB1675F8A64}
		{C00ED6A7-CEA7-4EE0-A686-23D3431161B6} = {A7A47F2F-CDE5-4033-BB4B-BFB1675F8A64}
		{8BD1F694-F5F3-44CC-87BC-3481F7D0CBEF} = {A7A47F2F-CDE5-4033-BB4B-BFB1675F8A64}
		{CED14CC9-003F-4ACB-844F-B90A03ABDC86} = {A7A47F2F-CDE5-4033-BB4B-BFB1675F8A64}
		{FC33C3BD-9AFD-4D4C-B697-2E42B8D0B107} = {A7A47F2F-CDE5-4033-BB4B-BFB1675F8A64}
		{0254B009-424F-41EA-A19C-4268930631EC} = {A7A47F2F-CDE5-4033-BB4B-BFB1675F8A64}
		{C833CB43-1A1B-4C46-9111-8186BBF6115D} = {A7A47F2F-CDE5-4033-BB4B-BFB1675F8A64}
		{A3310EC3-2503-4BDD-BBC8-32009FF9770E} = {A7A47F2F-CDE5-4033-BB4B-BFB1675F8A64}
		{0D32D097-410F-4C54-930C-35762BA23D78} = {A7A47F2F-CDE5-4033-BB4B-BFB1675F8A64}
		{6059FB91-B7D4-4497-9457-6934B46688D4} = {A7A47F2F-CDE5-4033-BB4B-BFB1675F8A64}
		{ED81B307-0B29-44C0-A919-527D31CEA553} = {2531C309-DB58-4F22-AE32-C89D848C1EAD}
		{74171981-09E6-475A-8B5F-6B22A9B07811} = {2531C309-DB58-4F22-AE32-C89D848C1EAD}
	EndGlobalSection
	GlobalSection(ExtensibilityGlobals) = postSolution
		SolutionGuid = {7E1EB40D-7A79-483A-934A-02883E98E157}
	EndGlobalSection
EndGlobal
