
Microsoft Visual Studio Solution File, Format Version 12.00
# Visual Studio Version 16
VisualStudioVersion = 16.0.29613.14
MinimumVisualStudioVersion = 10.0.40219.1
Project("{9A19103F-16F7-4668-BE54-9A1E7A4F7556}") = "Nano.Template.Web", "Nano.Template.Web\Nano.Template.Web.csproj", "{C563A416-5EDD-4228-B8C7-B5AFEC141466}"
EndProject
Project("{9A19103F-16F7-4668-BE54-9A1E7A4F7556}") = "Nano.Template.Web.Models", "Nano.Template.Web.Models\Nano.Template.Web.Models.csproj", "{74AC7031-29E0-4EEB-91D4-AE1965A39171}"
EndProject
Project("{2150E333-8FDC-42A3-9474-1A3956D46DE8}") = ".solution", ".solution", "{F9091FFF-8BDF-4447-A4CC-19ACF2F783A3}"
	ProjectSection(SolutionItems) = preProject
		.gitignore = .gitignore
		appveyor.yml = appveyor.yml
		localhost.pfx = localhost.pfx
		README.md = README.md
	EndProjectSection
EndProject
Project("{2150E333-8FDC-42A3-9474-1A3956D46DE8}") = ".docker", ".docker", "{06253892-53F5-4EB1-8CBE-8558DBDD9B70}"
	ProjectSection(SolutionItems) = preProject
		.dockerignore = .dockerignore
		Dockerfile = Dockerfile
	EndProjectSection
EndProject
Project("{2150E333-8FDC-42A3-9474-1A3956D46DE8}") = ".tests", ".tests", "{7E0D2A84-F3DE-4406-BE71-30EE6723E6D0}"
EndProject
Project("{2150E333-8FDC-42A3-9474-1A3956D46DE8}") = ".kubernetes", ".kubernetes", "{0C4D782F-72EF-42B4-BC1B-AF4044CC863A}"
	ProjectSection(SolutionItems) = preProject
		.kubernetes\configmap.yaml = .kubernetes\configmap.yaml
		.kubernetes\deployment.yaml = .kubernetes\deployment.yaml
		.kubernetes\service.yaml = .kubernetes\service.yaml
	EndProjectSection
EndProject
Project("{9A19103F-16F7-4668-BE54-9A1E7A4F7556}") = "Tests.Nano.Template.Web", ".tests\Tests.Nano.Template.Web\Tests.Nano.Template.Web.csproj", "{EA602798-C127-44E3-8CBA-27E9BA269EB7}"
EndProject
Project("{E53339B2-1760-4266-BCC7-CA923CBCF16C}") = "docker-compose", ".docker\docker-compose.dcproj", "{557A0C48-DA6A-4D7C-8668-94F08A390F4B}"
EndProject
Project("{2150E333-8FDC-42A3-9474-1A3956D46DE8}") = ".postman", ".postman", "{EA5F5ECD-6FC4-4874-B60F-C3A202880A6D}"
	ProjectSection(SolutionItems) = preProject
		.postman\Nano.Template.Web.postman_collection.json = .postman\Nano.Template.Web.postman_collection.json
	EndProjectSection
EndProject
Global
	GlobalSection(SolutionConfigurationPlatforms) = preSolution
		Debug|Any CPU = Debug|Any CPU
		Release|Any CPU = Release|Any CPU
	EndGlobalSection
	GlobalSection(ProjectConfigurationPlatforms) = postSolution
		{C563A416-5EDD-4228-B8C7-B5AFEC141466}.Debug|Any CPU.ActiveCfg = Debug|Any CPU
		{C563A416-5EDD-4228-B8C7-B5AFEC141466}.Debug|Any CPU.Build.0 = Debug|Any CPU
		{C563A416-5EDD-4228-B8C7-B5AFEC141466}.Release|Any CPU.ActiveCfg = Release|Any CPU
		{C563A416-5EDD-4228-B8C7-B5AFEC141466}.Release|Any CPU.Build.0 = Release|Any CPU
		{74AC7031-29E0-4EEB-91D4-AE1965A39171}.Debug|Any CPU.ActiveCfg = Debug|Any CPU
		{74AC7031-29E0-4EEB-91D4-AE1965A39171}.Debug|Any CPU.Build.0 = Debug|Any CPU
		{74AC7031-29E0-4EEB-91D4-AE1965A39171}.Release|Any CPU.ActiveCfg = Release|Any CPU
		{74AC7031-29E0-4EEB-91D4-AE1965A39171}.Release|Any CPU.Build.0 = Release|Any CPU
		{EA602798-C127-44E3-8CBA-27E9BA269EB7}.Debug|Any CPU.ActiveCfg = Debug|Any CPU
		{EA602798-C127-44E3-8CBA-27E9BA269EB7}.Debug|Any CPU.Build.0 = Debug|Any CPU
		{EA602798-C127-44E3-8CBA-27E9BA269EB7}.Release|Any CPU.ActiveCfg = Release|Any CPU
		{EA602798-C127-44E3-8CBA-27E9BA269EB7}.Release|Any CPU.Build.0 = Release|Any CPU
		{557A0C48-DA6A-4D7C-8668-94F08A390F4B}.Debug|Any CPU.ActiveCfg = Debug|Any CPU
		{557A0C48-DA6A-4D7C-8668-94F08A390F4B}.Debug|Any CPU.Build.0 = Debug|Any CPU
		{557A0C48-DA6A-4D7C-8668-94F08A390F4B}.Release|Any CPU.ActiveCfg = Release|Any CPU
	EndGlobalSection
	GlobalSection(SolutionProperties) = preSolution
		HideSolutionNode = FALSE
	EndGlobalSection
	GlobalSection(NestedProjects) = preSolution
		{EA602798-C127-44E3-8CBA-27E9BA269EB7} = {7E0D2A84-F3DE-4406-BE71-30EE6723E6D0}
		{557A0C48-DA6A-4D7C-8668-94F08A390F4B} = {06253892-53F5-4EB1-8CBE-8558DBDD9B70}
	EndGlobalSection
	GlobalSection(ExtensibilityGlobals) = postSolution
		SolutionGuid = {72ED70A7-E1BB-4D06-B6FD-E092DA575FBE}
	EndGlobalSection
EndGlobal
